
Microsoft Visual Studio Solution File, Format Version 12.00
# Visual Studio 2013
VisualStudioVersion = 12.0.21005.1
MinimumVisualStudioVersion = 10.0.40219.1
Project("{8BC9CEB8-8B4A-11D0-8D11-00A0C91BC942}") = "Test6_9_string模拟实现_vector", "Test6_9_string模拟实现_vector\Test6_9_string模拟实现_vector.vcxproj", "{3175A48E-9F17-4CD3-A729-D970B84F155B}"
EndProject
Global
	GlobalSection(SolutionConfigurationPlatforms) = preSolution
		Debug|Win32 = Debug|Win32
		Release|Win32 = Release|Win32
	EndGlobalSection
	GlobalSection(ProjectConfigurationPlatforms) = postSolution
		{3175A48E-9F17-4CD3-A729-D970B84F155B}.Debug|Win32.ActiveCfg = Debug|Win32
		{3175A48E-9F17-4CD3-A729-D970B84F155B}.Debug|Win32.Build.0 = Debug|Win32
		{3175A48E-9F17-4CD3-A729-D970B84F155B}.Release|Win32.ActiveCfg = Release|Win32
		{3175A48E-9F17-4CD3-A729-D970B84F155B}.Release|Win32.Build.0 = Release|Win32
	EndGlobalSection
	GlobalSection(SolutionProperties) = preSolution
		HideSolutionNode = FALSE
	EndGlobalSection
EndGlobal
