
Microsoft Visual Studio Solution File, Format Version 12.00
# Visual Studio 2013
VisualStudioVersion = 12.0.21005.1
MinimumVisualStudioVersion = 10.0.40219.1
Project("{8BC9CEB8-8B4A-11D0-8D11-00A0C91BC942}") = "Test4_20", "Test4_20\Test4_20.vcxproj", "{57B12EEE-CB20-4470-A707-2565DF81F759}"
EndProject
Global
	GlobalSection(SolutionConfigurationPlatforms) = preSolution
		Debug|Win32 = Debug|Win32
		Release|Win32 = Release|Win32
	EndGlobalSection
	GlobalSection(ProjectConfigurationPlatforms) = postSolution
		{57B12EEE-CB20-4470-A707-2565DF81F759}.Debug|Win32.ActiveCfg = Debug|Win32
		{57B12EEE-CB20-4470-A707-2565DF81F759}.Debug|Win32.Build.0 = Debug|Win32
		{57B12EEE-CB20-4470-A707-2565DF81F759}.Release|Win32.ActiveCfg = Release|Win32
		{57B12EEE-CB20-4470-A707-2565DF81F759}.Release|Win32.Build.0 = Release|Win32
	EndGlobalSection
	GlobalSection(SolutionProperties) = preSolution
		HideSolutionNode = FALSE
	EndGlobalSection
EndGlobal
